
Microsoft Visual Studio Solution File, Format Version 12.00
# Visual Studio Version 16
VisualStudioVersion = 16.0.29709.97
MinimumVisualStudioVersion = 10.0.40219.1
Project("{FAE04EC0-301F-11D3-BF4B-00C04F79EFBC}") = "Northwind", "Northwind\Northwind.csProj", "{BDC188F5-4BC3-4472-A238-C093CFDCD6CC}"
EndProject
Project("{FAE04EC0-301F-11D3-BF4B-00C04F79EFBC}") = "ENV", "ENV\ENV.csProj", "{B2DF944C-3DC6-4D5A-8093-B0F744C5310E}"
EndProject
Project("{FAE04EC0-301F-11D3-BF4B-00C04F79EFBC}") = "NorthwindBase", "NorthwindBase\NorthwindBase.csProj", "{1ABFFD5E-BA1C-40C8-8C90-B215B8247641}"
EndProject
Project("{FAE04EC0-301F-11D3-BF4B-00C04F79EFBC}") = "NorthwindInterfaces", "NorthwindInterfaces\NorthwindInterfaces.csProj", "{058713C7-B90E-48F9-AB6D-8077CAD748A3}"
EndProject
Global
	GlobalSection(SolutionConfigurationPlatforms) = preSolution
		Debug|Any CPU = Debug|Any CPU
		Release|Any CPU = Release|Any CPU
	EndGlobalSection
	GlobalSection(ProjectConfigurationPlatforms) = postSolution
		{BDC188F5-4BC3-4472-A238-C093CFDCD6CC}.Debug|Any CPU.ActiveCfg = Debug|Any CPU
		{BDC188F5-4BC3-4472-A238-C093CFDCD6CC}.Debug|Any CPU.Build.0 = Debug|Any CPU
		{BDC188F5-4BC3-4472-A238-C093CFDCD6CC}.Release|Any CPU.ActiveCfg = Release|Any CPU
		{BDC188F5-4BC3-4472-A238-C093CFDCD6CC}.Release|Any CPU.Build.0 = Release|Any CPU
		{B2DF944C-3DC6-4D5A-8093-B0F744C5310E}.Debug|Any CPU.ActiveCfg = Debug|Any CPU
		{B2DF944C-3DC6-4D5A-8093-B0F744C5310E}.Debug|Any CPU.Build.0 = Debug|Any CPU
		{B2DF944C-3DC6-4D5A-8093-B0F744C5310E}.Release|Any CPU.ActiveCfg = Release|Any CPU
		{B2DF944C-3DC6-4D5A-8093-B0F744C5310E}.Release|Any CPU.Build.0 = Release|Any CPU
		{1ABFFD5E-BA1C-40C8-8C90-B215B8247641}.Debug|Any CPU.ActiveCfg = Debug|Any CPU
		{1ABFFD5E-BA1C-40C8-8C90-B215B8247641}.Debug|Any CPU.Build.0 = Debug|Any CPU
		{1ABFFD5E-BA1C-40C8-8C90-B215B8247641}.Release|Any CPU.ActiveCfg = Release|Any CPU
		{1ABFFD5E-BA1C-40C8-8C90-B215B8247641}.Release|Any CPU.Build.0 = Release|Any CPU
		{058713C7-B90E-48F9-AB6D-8077CAD748A3}.Debug|Any CPU.ActiveCfg = Debug|Any CPU
		{058713C7-B90E-48F9-AB6D-8077CAD748A3}.Debug|Any CPU.Build.0 = Debug|Any CPU
		{058713C7-B90E-48F9-AB6D-8077CAD748A3}.Release|Any CPU.ActiveCfg = Release|Any CPU
		{058713C7-B90E-48F9-AB6D-8077CAD748A3}.Release|Any CPU.Build.0 = Release|Any CPU
	EndGlobalSection
	GlobalSection(SolutionProperties) = preSolution
		HideSolutionNode = FALSE
	EndGlobalSection
	GlobalSection(ExtensibilityGlobals) = postSolution
		SolutionGuid = {D1C8572E-A74A-4B5E-8802-6172A80108DD}
	EndGlobalSection
EndGlobal
